
Microsoft Visual Studio Solution File, Format Version 12.00
# Visual Studio Version 17
VisualStudioVersion = 17.6.33723.286
MinimumVisualStudioVersion = 10.0.40219.1
Project("{2150E333-8FDC-42A3-9474-1A3956D46DE8}") = "src", "src", "{43D71AFC-75E5-485C-87C6-E742931C8897}"
EndProject
Project("{2150E333-8FDC-42A3-9474-1A3956D46DE8}") = "test", "test", "{7B8F86F8-A465-4CE8-8C7D-EADC01474F87}"
EndProject
Project("{2150E333-8FDC-42A3-9474-1A3956D46DE8}") = "Apps", "Apps", "{8DB5B214-D4F0-471F-BB94-56961BD1A099}"
EndProject
Project("{2150E333-8FDC-42A3-9474-1A3956D46DE8}") = "Libraries", "Libraries", "{B9495CF0-205C-4B6D-9EDD-3D657A8728A3}"
EndProject
Project("{2150E333-8FDC-42A3-9474-1A3956D46DE8}") = "Domain", "Domain", "{876D38F2-AC04-4E08-94CD-EC1B1478964F}"
EndProject
Project("{2150E333-8FDC-42A3-9474-1A3956D46DE8}") = "Infrastructure", "Infrastructure", "{B9CD7D20-EDCC-4215-A8EF-16BB7F7F71DE}"
EndProject
Project("{9A19103F-16F7-4668-BE54-9A1E7A4F7556}") = "TravelAgency.Models", "TravelAgency.Models\TravelAgency.Models.csproj", "{1EB17AB1-3BBD-4783-B814-98D8A15BC46A}"
EndProject
Project("{9A19103F-16F7-4668-BE54-9A1E7A4F7556}") = "TravelAgency.Repository", "TravelAgency.Repository\TravelAgency.Repository.csproj", "{CA99F729-B32A-4991-811A-46A637E97BDE}"
EndProject
Project("{9A19103F-16F7-4668-BE54-9A1E7A4F7556}") = "TravelAgency.Shared", "TravelAgency.Shared\TravelAgency.Shared.csproj", "{94141BDD-B9F8-4EAD-B4CE-07D2A9A8775A}"
EndProject
Project("{9A19103F-16F7-4668-BE54-9A1E7A4F7556}") = "TravelAgency.Core", "TravelAgency.Core\TravelAgency.Core.csproj", "{16610A8A-BF15-427F-A70B-1718371A0C4D}"
EndProject
Project("{9A19103F-16F7-4668-BE54-9A1E7A4F7556}") = "TravelAgency.Infrastructure", "TravelAgency.Infrastructure\TravelAgency.Infrastructure.csproj", "{4DD1206E-35C5-4A00-88ED-F85F7DA9CE64}"
EndProject
Project("{9A19103F-16F7-4668-BE54-9A1E7A4F7556}") = "TravelAgency.IoC.Configuration", "TravelAgency.IoC.Configuration\TravelAgency.IoC.Configuration.csproj", "{F4866FA5-25AA-4231-9C4F-2541FFDB67F2}"
EndProject
Project("{9A19103F-16F7-4668-BE54-9A1E7A4F7556}") = "TravelAgency.Service.Model", "TravelAgency.Service.Model\TravelAgency.Service.Model.csproj", "{402CCA9A-19B6-4211-BA53-7B05187FBDAF}"
EndProject
Project("{FAE04EC0-301F-11D3-BF4B-00C04F79EFBC}") = "TravelAgencyBackend", "TravelAgencyBackend\TravelAgencyBackend.csproj", "{553C74D3-3BB4-43B5-A297-39CC053DDA90}"
EndProject
Global
	GlobalSection(SolutionConfigurationPlatforms) = preSolution
		Debug|Any CPU = Debug|Any CPU
		Release|Any CPU = Release|Any CPU
	EndGlobalSection
	GlobalSection(ProjectConfigurationPlatforms) = postSolution
		{1EB17AB1-3BBD-4783-B814-98D8A15BC46A}.Debug|Any CPU.ActiveCfg = Debug|Any CPU
		{1EB17AB1-3BBD-4783-B814-98D8A15BC46A}.Debug|Any CPU.Build.0 = Debug|Any CPU
		{1EB17AB1-3BBD-4783-B814-98D8A15BC46A}.Release|Any CPU.ActiveCfg = Release|Any CPU
		{1EB17AB1-3BBD-4783-B814-98D8A15BC46A}.Release|Any CPU.Build.0 = Release|Any CPU
		{CA99F729-B32A-4991-811A-46A637E97BDE}.Debug|Any CPU.ActiveCfg = Debug|Any CPU
		{CA99F729-B32A-4991-811A-46A637E97BDE}.Debug|Any CPU.Build.0 = Debug|Any CPU
		{CA99F729-B32A-4991-811A-46A637E97BDE}.Release|Any CPU.ActiveCfg = Release|Any CPU
		{CA99F729-B32A-4991-811A-46A637E97BDE}.Release|Any CPU.Build.0 = Release|Any CPU
		{94141BDD-B9F8-4EAD-B4CE-07D2A9A8775A}.Debug|Any CPU.ActiveCfg = Debug|Any CPU
		{94141BDD-B9F8-4EAD-B4CE-07D2A9A8775A}.Debug|Any CPU.Build.0 = Debug|Any CPU
		{94141BDD-B9F8-4EAD-B4CE-07D2A9A8775A}.Release|Any CPU.ActiveCfg = Release|Any CPU
		{94141BDD-B9F8-4EAD-B4CE-07D2A9A8775A}.Release|Any CPU.Build.0 = Release|Any CPU
		{16610A8A-BF15-427F-A70B-1718371A0C4D}.Debug|Any CPU.ActiveCfg = Debug|Any CPU
		{16610A8A-BF15-427F-A70B-1718371A0C4D}.Debug|Any CPU.Build.0 = Debug|Any CPU
		{16610A8A-BF15-427F-A70B-1718371A0C4D}.Release|Any CPU.ActiveCfg = Release|Any CPU
		{16610A8A-BF15-427F-A70B-1718371A0C4D}.Release|Any CPU.Build.0 = Release|Any CPU
		{4DD1206E-35C5-4A00-88ED-F85F7DA9CE64}.Debug|Any CPU.ActiveCfg = Debug|Any CPU
		{4DD1206E-35C5-4A00-88ED-F85F7DA9CE64}.Debug|Any CPU.Build.0 = Debug|Any CPU
		{4DD1206E-35C5-4A00-88ED-F85F7DA9CE64}.Release|Any CPU.ActiveCfg = Release|Any CPU
		{4DD1206E-35C5-4A00-88ED-F85F7DA9CE64}.Release|Any CPU.Build.0 = Release|Any CPU
		{F4866FA5-25AA-4231-9C4F-2541FFDB67F2}.Debug|Any CPU.ActiveCfg = Debug|Any CPU
		{F4866FA5-25AA-4231-9C4F-2541FFDB67F2}.Debug|Any CPU.Build.0 = Debug|Any CPU
		{F4866FA5-25AA-4231-9C4F-2541FFDB67F2}.Release|Any CPU.ActiveCfg = Release|Any CPU
		{F4866FA5-25AA-4231-9C4F-2541FFDB67F2}.Release|Any CPU.Build.0 = Release|Any CPU
		{402CCA9A-19B6-4211-BA53-7B05187FBDAF}.Debug|Any CPU.ActiveCfg = Debug|Any CPU
		{402CCA9A-19B6-4211-BA53-7B05187FBDAF}.Debug|Any CPU.Build.0 = Debug|Any CPU
		{402CCA9A-19B6-4211-BA53-7B05187FBDAF}.Release|Any CPU.ActiveCfg = Release|Any CPU
		{402CCA9A-19B6-4211-BA53-7B05187FBDAF}.Release|Any CPU.Build.0 = Release|Any CPU
		{553C74D3-3BB4-43B5-A297-39CC053DDA90}.Debug|Any CPU.ActiveCfg = Debug|Any CPU
		{553C74D3-3BB4-43B5-A297-39CC053DDA90}.Debug|Any CPU.Build.0 = Debug|Any CPU
		{553C74D3-3BB4-43B5-A297-39CC053DDA90}.Release|Any CPU.ActiveCfg = Release|Any CPU
		{553C74D3-3BB4-43B5-A297-39CC053DDA90}.Release|Any CPU.Build.0 = Release|Any CPU
	EndGlobalSection
	GlobalSection(SolutionProperties) = preSolution
		HideSolutionNode = FALSE
	EndGlobalSection
	GlobalSection(NestedProjects) = preSolution
		{8DB5B214-D4F0-471F-BB94-56961BD1A099} = {43D71AFC-75E5-485C-87C6-E742931C8897}
		{B9495CF0-205C-4B6D-9EDD-3D657A8728A3} = {43D71AFC-75E5-485C-87C6-E742931C8897}
		{876D38F2-AC04-4E08-94CD-EC1B1478964F} = {B9495CF0-205C-4B6D-9EDD-3D657A8728A3}
		{B9CD7D20-EDCC-4215-A8EF-16BB7F7F71DE} = {B9495CF0-205C-4B6D-9EDD-3D657A8728A3}
		{1EB17AB1-3BBD-4783-B814-98D8A15BC46A} = {876D38F2-AC04-4E08-94CD-EC1B1478964F}
		{CA99F729-B32A-4991-811A-46A637E97BDE} = {876D38F2-AC04-4E08-94CD-EC1B1478964F}
		{94141BDD-B9F8-4EAD-B4CE-07D2A9A8775A} = {876D38F2-AC04-4E08-94CD-EC1B1478964F}
		{16610A8A-BF15-427F-A70B-1718371A0C4D} = {B9CD7D20-EDCC-4215-A8EF-16BB7F7F71DE}
		{4DD1206E-35C5-4A00-88ED-F85F7DA9CE64} = {B9CD7D20-EDCC-4215-A8EF-16BB7F7F71DE}
		{F4866FA5-25AA-4231-9C4F-2541FFDB67F2} = {B9CD7D20-EDCC-4215-A8EF-16BB7F7F71DE}
		{402CCA9A-19B6-4211-BA53-7B05187FBDAF} = {B9CD7D20-EDCC-4215-A8EF-16BB7F7F71DE}
		{553C74D3-3BB4-43B5-A297-39CC053DDA90} = {8DB5B214-D4F0-471F-BB94-56961BD1A099}
	EndGlobalSection
	GlobalSection(ExtensibilityGlobals) = postSolution
		SolutionGuid = {E2588C0C-A0DC-445D-AF58-83ECA1B6E866}
	EndGlobalSection
EndGlobal
